
Microsoft Visual Studio Solution File, Format Version 12.00
# Visual Studio Version 17
VisualStudioVersion = 17.8.34309.116
MinimumVisualStudioVersion = 10.0.40219.1
Project("{8BC9CEB8-8B4A-11D0-8D11-00A0C91BC942}") = "vector_class", "vector_class.vcxproj", "{F715A867-55D5-4906-BC31-D53E7A890A90}"
EndProject
Global
	GlobalSection(SolutionConfigurationPlatforms) = preSolution
		Debug|x64 = Debug|x64
		Debug|x86 = Debug|x86
		Release|x64 = Release|x64
		Release|x86 = Release|x86
	EndGlobalSection
	GlobalSection(ProjectConfigurationPlatforms) = postSolution
		{F715A867-55D5-4906-BC31-D53E7A890A90}.Debug|x64.ActiveCfg = Debug|x64
		{F715A867-55D5-4906-BC31-D53E7A890A90}.Debug|x64.Build.0 = Debug|x64
		{F715A867-55D5-4906-BC31-D53E7A890A90}.Debug|x86.ActiveCfg = Debug|Win32
		{F715A867-55D5-4906-BC31-D53E7A890A90}.Debug|x86.Build.0 = Debug|Win32
		{F715A867-55D5-4906-BC31-D53E7A890A90}.Release|x64.ActiveCfg = Release|x64
		{F715A867-55D5-4906-BC31-D53E7A890A90}.Release|x64.Build.0 = Release|x64
		{F715A867-55D5-4906-BC31-D53E7A890A90}.Release|x86.ActiveCfg = Release|Win32
		{F715A867-55D5-4906-BC31-D53E7A890A90}.Release|x86.Build.0 = Release|Win32
	EndGlobalSection
	GlobalSection(SolutionProperties) = preSolution
		HideSolutionNode = FALSE
	EndGlobalSection
	GlobalSection(ExtensibilityGlobals) = postSolution
		SolutionGuid = {0AB04897-0DE2-4F04-976B-215E8B04B225}
	EndGlobalSection
EndGlobal
